
Microsoft Visual Studio Solution File, Format Version 12.00
# Visual Studio Version 17
VisualStudioVersion = 17.8.34408.163
MinimumVisualStudioVersion = 10.0.40219.1
Project("{FAE04EC0-301F-11D3-BF4B-00C04F79EFBC}") = "BORST", "BORST.csproj", "{8AF1B803-6444-43D6-A075-5CE8CE170EB4}"
EndProject
Global
	GlobalSection(SolutionConfigurationPlatforms) = preSolution
		Debug|Any CPU = Debug|Any CPU
		Release|Any CPU = Release|Any CPU
	EndGlobalSection
	GlobalSection(ProjectConfigurationPlatforms) = postSolution
		{8AF1B803-6444-43D6-A075-5CE8CE170EB4}.Debug|Any CPU.ActiveCfg = Debug|Any CPU
		{8AF1B803-6444-43D6-A075-5CE8CE170EB4}.Debug|Any CPU.Build.0 = Debug|Any CPU
		{8AF1B803-6444-43D6-A075-5CE8CE170EB4}.Release|Any CPU.ActiveCfg = Release|Any CPU
		{8AF1B803-6444-43D6-A075-5CE8CE170EB4}.Release|Any CPU.Build.0 = Release|Any CPU
	EndGlobalSection
	GlobalSection(SolutionProperties) = preSolution
		HideSolutionNode = FALSE
	EndGlobalSection
	GlobalSection(ExtensibilityGlobals) = postSolution
		SolutionGuid = {A3377EF4-2718-4808-80BA-4587DEDF94A5}
	EndGlobalSection
EndGlobal
